Microsoft Visual Studio Solution File, Format Version 11.00
# Visual Studio 2008

Project("{F4792636-06FF-B322-4B4E-1384B800888E}") = "nazoreba", "Assembly-CSharp.csproj", "{3DD9BC94-B950-B13A-1D94-C0F71DD7AC70}"
EndProject
Project("{F4792636-06FF-B322-4B4E-1384B800888E}") = "nazoreba", "Assembly-CSharp-Editor.csproj", "{8C612FAF-34C7-84C7-268F-741B3B942098}"
EndProject
Project("{F4792636-06FF-B322-4B4E-1384B800888E}") = "nazoreba", "Assembly-UnityScript.unityproj", "{1D064014-4D72-24C1-81A2-7171D8C285D1}"
EndProject
Global
	GlobalSection(SolutionConfigurationPlatforms) = preSolution
		Debug|Any CPU = Debug|Any CPU
		Release|Any CPU = Release|Any CPU
	EndGlobalSection
	GlobalSection(ProjectConfigurationPlatforms) = postSolution
		{3DD9BC94-B950-B13A-1D94-C0F71DD7AC70}.Debug|Any CPU.ActiveCfg = Debug|Any CPU
		{3DD9BC94-B950-B13A-1D94-C0F71DD7AC70}.Debug|Any CPU.Build.0 = Debug|Any CPU
		{3DD9BC94-B950-B13A-1D94-C0F71DD7AC70}.Release|Any CPU.ActiveCfg = Release|Any CPU
		{3DD9BC94-B950-B13A-1D94-C0F71DD7AC70}.Release|Any CPU.Build.0 = Release|Any CPU
		{8C612FAF-34C7-84C7-268F-741B3B942098}.Debug|Any CPU.ActiveCfg = Debug|Any CPU
		{8C612FAF-34C7-84C7-268F-741B3B942098}.Debug|Any CPU.Build.0 = Debug|Any CPU
		{8C612FAF-34C7-84C7-268F-741B3B942098}.Release|Any CPU.ActiveCfg = Release|Any CPU
		{8C612FAF-34C7-84C7-268F-741B3B942098}.Release|Any CPU.Build.0 = Release|Any CPU
		{1D064014-4D72-24C1-81A2-7171D8C285D1}.Debug|Any CPU.ActiveCfg = Debug|Any CPU
		{1D064014-4D72-24C1-81A2-7171D8C285D1}.Debug|Any CPU.Build.0 = Debug|Any CPU
		{1D064014-4D72-24C1-81A2-7171D8C285D1}.Release|Any CPU.ActiveCfg = Release|Any CPU
		{1D064014-4D72-24C1-81A2-7171D8C285D1}.Release|Any CPU.Build.0 = Release|Any CPU
	EndGlobalSection
	GlobalSection(SolutionProperties) = preSolution
		HideSolutionNode = FALSE
	EndGlobalSection
																																																																																																																																																																								GlobalSection(MonoDevelopProperties) = preSolution
		StartupItem = Assembly-CSharp.csproj
		Policies = $0
		$0.TextStylePolicy = $1
		$1.inheritsSet = null
		$1.scope = text/x-csharp
		$0.CSharpFormattingPolicy = $2
		$2.inheritsSet = Mono
		$2.inheritsScope = text/x-csharp
		$2.scope = text/x-csharp
		$0.TextStylePolicy = $3
		$3.FileWidth = 120
		$3.TabWidth = 4
		$3.EolMarker = Unix
		$3.inheritsSet = Mono
		$3.inheritsScope = text/plain
		$3.scope = text/plain
	EndGlobalSection

EndGlobal
